
Microsoft Visual Studio Solution File, Format Version 12.00
# Visual Studio 15
VisualStudioVersion = 15.0.26403.3
MinimumVisualStudioVersion = 10.0.40219.1
Project("{8BC9CEB8-8B4A-11D0-8D11-00A0C91BC942}") = "7x05a - Vector Length", "7x05a - Vector Length\7x05a - Vector Length.vcxproj", "{F362FE46-3027-4AEB-B087-476273A0171B}"
EndProject
Project("{8BC9CEB8-8B4A-11D0-8D11-00A0C91BC942}") = "7x05b - Print Quadratic", "7x05b - Print Quadratic\7x05b - Print Quadratic.vcxproj", "{53512021-FC1C-45EF-996B-F37B27742523}"
EndProject
Project("{8BC9CEB8-8B4A-11D0-8D11-00A0C91BC942}") = "7x05c - Rainbow Spectrum", "7x05c - Rainbow Spectrum\7x05c - Rainbow Spectrum.vcxproj", "{F537E227-AACB-4034-B52D-D755529B78FF}"
EndProject
Project("{8BC9CEB8-8B4A-11D0-8D11-00A0C91BC942}") = "7x05d - Launchpad Rockets", "7x05d - Launchpad Rockets\7x05d - Launchpad Rockets.vcxproj", "{D2F83F1E-07CD-42AD-950B-4C9C646E78CE}"
EndProject
Project("{8BC9CEB8-8B4A-11D0-8D11-00A0C91BC942}") = "7x05e - Print Arrowhead", "7x05e - Print Arrowhead\7x05e - Print Arrowhead.vcxproj", "{492508D5-7BF3-416C-8462-02D884DDEF5B}"
EndProject
Project("{8BC9CEB8-8B4A-11D0-8D11-00A0C91BC942}") = "7x06a - Cube Function", "7x06a - Cube Function\7x06a - Cube Function.vcxproj", "{A355B81E-2549-4008-8976-6F4F4533C80D}"
EndProject
Project("{8BC9CEB8-8B4A-11D0-8D11-00A0C91BC942}") = "7x06b - Find Maximum", "7x06b - Find Maximum\7x06b - Find Maximum.vcxproj", "{289F79B2-A684-4579-8243-1ABC6D9E491B}"
EndProject
Project("{8BC9CEB8-8B4A-11D0-8D11-00A0C91BC942}") = "7x06c - To Lowercase", "7x06c - To Lowercase\7x06c - To Lowercase.vcxproj", "{BE72B2AF-6B26-4B5B-A131-DF6FC0ED3281}"
EndProject
Project("{8BC9CEB8-8B4A-11D0-8D11-00A0C91BC942}") = "7x06d - Find Minimum", "7x06d - Find Minimum\7x06d - Find Minimum.vcxproj", "{C0071D36-CA5B-49DB-AB37-2D12A1135F65}"
EndProject
Project("{8BC9CEB8-8B4A-11D0-8D11-00A0C91BC942}") = "7x06e - Pizza Calculator", "7x06e - Pizza Calculator\7x06e - Pizza Calculator.vcxproj", "{4D8EBF51-A760-43C2-9BC5-F7B42D1C0FC8}"
EndProject
Project("{8BC9CEB8-8B4A-11D0-8D11-00A0C91BC942}") = "7x07a - Dinner Bill", "7x07a - Dinner Bill\7x07a - Dinner Bill.vcxproj", "{9FA0BFE9-1F86-41CF-86FE-2212E0309CE9}"
EndProject
Project("{8BC9CEB8-8B4A-11D0-8D11-00A0C91BC942}") = "7x07b - Hotel Bill", "7x07b - Hotel Bill\7x07b - Hotel Bill.vcxproj", "{69A88437-8990-4DF3-9158-64C06189FD47}"
EndProject
Project("{8BC9CEB8-8B4A-11D0-8D11-00A0C91BC942}") = "7x07c - To Uppercase", "7x07c - To Uppercase\7x07c - To Uppercase.vcxproj", "{856E451A-4E03-4C53-A38F-B19801410A69}"
EndProject
Project("{8BC9CEB8-8B4A-11D0-8D11-00A0C91BC942}") = "7x07d - Logic Gates", "7x07d - Logic Gates\7x07d - Logic Gates.vcxproj", "{2D89F251-81F1-4F36-89E8-96C62E8E7BDD}"
EndProject
Project("{8BC9CEB8-8B4A-11D0-8D11-00A0C91BC942}") = "7x07e - Percent to Grade", "7x07e - Percent to Grade\7x07e - Percent to Grade.vcxproj", "{A4D14A5F-115F-4E7E-9687-BB3D15EE4823}"
EndProject
Project("{8BC9CEB8-8B4A-11D0-8D11-00A0C91BC942}") = "7x08a - Is Vowel", "7x08a - Is Vowel\7x08a - Is Vowel.vcxproj", "{888CE8D1-452F-44A3-804E-0899072C0D8C}"
EndProject
Project("{8BC9CEB8-8B4A-11D0-8D11-00A0C91BC942}") = "7x08b - Is Letter", "7x08b - Is Letter\7x08b - Is Letter.vcxproj", "{57E2924A-A85F-4E9A-9F79-3389168C4797}"
EndProject
Project("{8BC9CEB8-8B4A-11D0-8D11-00A0C91BC942}") = "7x08c - Is Digit", "7x08c - Is Digit\7x08c - Is Digit.vcxproj", "{4725542D-6577-4C83-A770-6F6CEB797D22}"
EndProject
Project("{8BC9CEB8-8B4A-11D0-8D11-00A0C91BC942}") = "7x08d - Is Hex Character", "7x08d - Is Hex Character\7x08d - Is Hex Character.vcxproj", "{D0993D8B-76B5-4981-931D-467C08B343C9}"
EndProject
Project("{8BC9CEB8-8B4A-11D0-8D11-00A0C91BC942}") = "7x08e - Is P-N-Z", "7x08e - Is P-N-Z\7x08e - Is P-N-Z.vcxproj", "{766D4B68-84A4-4FC0-BBCC-41EA8BBF066A}"
EndProject
Project("{8BC9CEB8-8B4A-11D0-8D11-00A0C91BC942}") = "7x09a - Draw ASCII Box", "7x09a - Draw ASCII Box\7x09a - Draw ASCII Box.vcxproj", "{D7384309-B65D-4285-B406-D7242D0CF9F3}"
EndProject
Project("{8BC9CEB8-8B4A-11D0-8D11-00A0C91BC942}") = "7x09b - Draw Triangle", "7x09b - Draw Triangle\7x09b - Draw Triangle.vcxproj", "{9DC4046E-6A16-4546-89CF-AFC1BD5F0BBE}"
EndProject
Project("{8BC9CEB8-8B4A-11D0-8D11-00A0C91BC942}") = "7x09c - Draw Inverted Triangle", "7x09c - Draw Inverted Triangle\7x09c - Draw Inverted Triangle.vcxproj", "{946DDDCE-5D0A-4105-9019-1D31C789A84A}"
EndProject
Project("{8BC9CEB8-8B4A-11D0-8D11-00A0C91BC942}") = "7x09d - Custom Rocket", "7x09d - Custom Rocket\7x09d - Custom Rocket.vcxproj", "{EB194FEF-1014-4026-B773-C162BF8E9A27}"
EndProject
Project("{8BC9CEB8-8B4A-11D0-8D11-00A0C91BC942}") = "7x09e - ASCII Rectangle", "7x09e - ASCII Rectangle\7x09e - ASCII Rectangle.vcxproj", "{AB574DD6-E519-47C6-B683-0C6B8F9F0D13}"
EndProject
Project("{8BC9CEB8-8B4A-11D0-8D11-00A0C91BC942}") = "7x10a - Maths Addition Quiz", "7x10a - Maths Addition Quiz\7x10a - Maths Addition Quiz.vcxproj", "{CDAAF8E3-744E-495D-88CD-949D1947C58A}"
EndProject
Project("{8BC9CEB8-8B4A-11D0-8D11-00A0C91BC942}") = "7x10b - Modular Guess My Number", "7x10b - Modular Guess My Number\7x10b - Modular Guess My Number.vcxproj", "{8923A337-A109-4A8A-92A7-0C85BB8B4BBD}"
EndProject
Project("{8BC9CEB8-8B4A-11D0-8D11-00A0C91BC942}") = "7x10c - Modular R-P-S", "7x10c - Modular R-P-S\7x10c - Modular R-P-S.vcxproj", "{F94F36AA-44A7-44C1-9589-C2906551791C}"
EndProject
Project("{8BC9CEB8-8B4A-11D0-8D11-00A0C91BC942}") = "7x10d - Modular Roulette", "7x10d - Modular Roulette\7x10d - Modular Roulette.vcxproj", "{7931F282-D539-4F6A-934D-DBCC81549C4C}"
EndProject
Project("{8BC9CEB8-8B4A-11D0-8D11-00A0C91BC942}") = "7x10e - Modular Monty", "7x10e - Modular Monty\7x10e - Modular Monty.vcxproj", "{67911DC0-C2A3-4696-8CB6-82078EAF7140}"
EndProject
Project("{8BC9CEB8-8B4A-11D0-8D11-00A0C91BC942}") = "7x01a - Rectangle Computation", "7x01a - Rectangle Computation\7x01a - Rectangle Computation.vcxproj", "{A593D26B-388E-4242-8AFC-056878E72D50}"
EndProject
Project("{8BC9CEB8-8B4A-11D0-8D11-00A0C91BC942}") = "7x01b - Cylinder Computation", "7x01b - Cylinder Computation\7x01b - Cylinder Computation.vcxproj", "{291AB1B9-A1B6-4CA6-ABB4-934F821F3261}"
EndProject
Project("{8BC9CEB8-8B4A-11D0-8D11-00A0C91BC942}") = "7x01c - Purchase Quantity", "7x01c - Purchase Quantity\7x01c - Purchase Quantity.vcxproj", "{28505A4F-5045-43D1-9BD8-4FC09878C923}"
EndProject
Project("{8BC9CEB8-8B4A-11D0-8D11-00A0C91BC942}") = "7x01d - Episodes and Seasons", "7x01d - Episodes and Seasons\7x01d - Episodes and Seasons.vcxproj", "{7BDA9557-95DA-47F4-BA35-F51DF96DAD9D}"
EndProject
Project("{8BC9CEB8-8B4A-11D0-8D11-00A0C91BC942}") = "7x01e - Dinner and Tip", "7x01e - Dinner and Tip\7x01e - Dinner and Tip.vcxproj", "{21C615E1-4693-4467-8302-E5A9AA9AB61E}"
EndProject
Project("{8BC9CEB8-8B4A-11D0-8D11-00A0C91BC942}") = "7x02a - AI Drink Selection", "7x02a - AI Drink Selection\7x02a - AI Drink Selection.vcxproj", "{01BF5B25-7EB1-49CB-A80E-3BAC15429340}"
EndProject
Project("{8BC9CEB8-8B4A-11D0-8D11-00A0C91BC942}") = "7x02b - AI Hobby Choice", "7x02b - AI Hobby Choice\7x02b - AI Hobby Choice.vcxproj", "{A268418C-644E-4F4A-9E87-A4FA4441F2CA}"
EndProject
Project("{8BC9CEB8-8B4A-11D0-8D11-00A0C91BC942}") = "7x02c - Task Importance", "7x02c - Task Importance\7x02c - Task Importance.vcxproj", "{388F1BFF-0D0C-4512-8223-A3747EB3D11A}"
EndProject
Project("{8BC9CEB8-8B4A-11D0-8D11-00A0C91BC942}") = "7x02d - Potential Employee", "7x02d - Potential Employee\7x02d - Potential Employee.vcxproj", "{8E4538F2-7298-4FB2-A3C7-4A7B1E735C49}"
EndProject
Project("{8BC9CEB8-8B4A-11D0-8D11-00A0C91BC942}") = "7x02e - AI Meal Option", "7x02e - AI Meal Option\7x02e - AI Meal Option.vcxproj", "{26B1C14E-7637-4F77-B116-CA5FBE3ACA09}"
EndProject
Project("{8BC9CEB8-8B4A-11D0-8D11-00A0C91BC942}") = "7x03a - User Assessment Score", "7x03a - User Assessment Score\7x03a - User Assessment Score.vcxproj", "{3FC85EBE-7997-49CB-84DF-A792B0132AC1}"
EndProject
Project("{8BC9CEB8-8B4A-11D0-8D11-00A0C91BC942}") = "7x03b - Region Latitude", "7x03b - Region Latitude\7x03b - Region Latitude.vcxproj", "{83110E94-CA84-4397-90FC-CB93500BFC84}"
EndProject
Project("{8BC9CEB8-8B4A-11D0-8D11-00A0C91BC942}") = "7x03c - Scoville Heat Units", "7x03c - Scoville Heat Units\7x03c - Scoville Heat Units.vcxproj", "{789A4AD0-BA90-40CF-97DC-6655DC5E6B16}"
EndProject
Project("{8BC9CEB8-8B4A-11D0-8D11-00A0C91BC942}") = "7x03e - User Tax Rate", "7x03e - User Tax Rate\7x03e - User Tax Rate.vcxproj", "{9F6EFB0A-EEC3-441C-8230-9BC9AF22B217}"
EndProject
Project("{8BC9CEB8-8B4A-11D0-8D11-00A0C91BC942}") = "7x03d - Film Classifications", "7x03d - Film Classifications\7x03d - Film Classifications.vcxproj", "{BB41116F-E08F-4B29-A43D-2F3F273FD53E}"
EndProject
Project("{8BC9CEB8-8B4A-11D0-8D11-00A0C91BC942}") = "7x04a - Print Triangle", "7x04a - Print Triangle\7x04a - Print Triangle.vcxproj", "{F96BF1EB-F39A-4D4F-8862-041D0B616BA5}"
EndProject
Project("{8BC9CEB8-8B4A-11D0-8D11-00A0C91BC942}") = "7x04b - Print Valley Shape", "7x04b - Print Valley Shape\7x04b - Print Valley Shape.vcxproj", "{8FE4E4DC-CDAF-40C6-9611-F8716BE74629}"
EndProject
Project("{8BC9CEB8-8B4A-11D0-8D11-00A0C91BC942}") = "7x04c - Print Half Triangle", "7x04c - Print Half Triangle\7x04c - Print Half Triangle.vcxproj", "{3A44D02E-34F4-4195-8E95-52F3C54719B3}"
EndProject
Project("{8BC9CEB8-8B4A-11D0-8D11-00A0C91BC942}") = "7x04d - Print Rectangle", "7x04d - Print Rectangle\7x04d - Print Rectangle.vcxproj", "{603FD184-7BE8-4EFE-AA97-BEA0D97BD6D0}"
EndProject
Project("{8BC9CEB8-8B4A-11D0-8D11-00A0C91BC942}") = "7x04e - Diamond Chain", "7x04e - Diamond Chain\7x04e - Diamond Chain.vcxproj", "{00684EB5-569B-44B6-B48D-D09E0E36B986}"
EndProject
Global
	GlobalSection(SolutionConfigurationPlatforms) = preSolution
		Debug|Win32 = Debug|Win32
		Debug|x64 = Debug|x64
		Feedback Mode|Win32 = Feedback Mode|Win32
		Feedback Mode|x64 = Feedback Mode|x64
		Release|Win32 = Release|Win32
		Release|x64 = Release|x64
	EndGlobalSection
	GlobalSection(ProjectConfigurationPlatforms) = postSolution
		{F362FE46-3027-4AEB-B087-476273A0171B}.Debug|Win32.ActiveCfg = Debug|Win32
		{F362FE46-3027-4AEB-B087-476273A0171B}.Debug|Win32.Build.0 = Debug|Win32
		{F362FE46-3027-4AEB-B087-476273A0171B}.Debug|x64.ActiveCfg = Debug|Win32
		{F362FE46-3027-4AEB-B087-476273A0171B}.Feedback Mode|Win32.ActiveCfg = Feedback Mode|Win32
		{F362FE46-3027-4AEB-B087-476273A0171B}.Feedback Mode|Win32.Build.0 = Feedback Mode|Win32
		{F362FE46-3027-4AEB-B087-476273A0171B}.Feedback Mode|x64.ActiveCfg = Feedback Mode|Win32
		{F362FE46-3027-4AEB-B087-476273A0171B}.Release|Win32.ActiveCfg = Release|Win32
		{F362FE46-3027-4AEB-B087-476273A0171B}.Release|Win32.Build.0 = Release|Win32
		{F362FE46-3027-4AEB-B087-476273A0171B}.Release|x64.ActiveCfg = Release|Win32
		{53512021-FC1C-45EF-996B-F37B27742523}.Debug|Win32.ActiveCfg = Debug|Win32
		{53512021-FC1C-45EF-996B-F37B27742523}.Debug|Win32.Build.0 = Debug|Win32
		{53512021-FC1C-45EF-996B-F37B27742523}.Debug|x64.ActiveCfg = Debug|Win32
		{53512021-FC1C-45EF-996B-F37B27742523}.Feedback Mode|Win32.ActiveCfg = Feedback Mode|Win32
		{53512021-FC1C-45EF-996B-F37B27742523}.Feedback Mode|Win32.Build.0 = Feedback Mode|Win32
		{53512021-FC1C-45EF-996B-F37B27742523}.Feedback Mode|x64.ActiveCfg = Feedback Mode|Win32
		{53512021-FC1C-45EF-996B-F37B27742523}.Release|Win32.ActiveCfg = Release|Win32
		{53512021-FC1C-45EF-996B-F37B27742523}.Release|Win32.Build.0 = Release|Win32
		{53512021-FC1C-45EF-996B-F37B27742523}.Release|x64.ActiveCfg = Release|Win32
		{F537E227-AACB-4034-B52D-D755529B78FF}.Debug|Win32.ActiveCfg = Debug|Win32
		{F537E227-AACB-4034-B52D-D755529B78FF}.Debug|Win32.Build.0 = Debug|Win32
		{F537E227-AACB-4034-B52D-D755529B78FF}.Debug|x64.ActiveCfg = Debug|Win32
		{F537E227-AACB-4034-B52D-D755529B78FF}.Feedback Mode|Win32.ActiveCfg = Feedback Mode|Win32
		{F537E227-AACB-4034-B52D-D755529B78FF}.Feedback Mode|Win32.Build.0 = Feedback Mode|Win32
		{F537E227-AACB-4034-B52D-D755529B78FF}.Feedback Mode|x64.ActiveCfg = Feedback Mode|Win32
		{F537E227-AACB-4034-B52D-D755529B78FF}.Release|Win32.ActiveCfg = Release|Win32
		{F537E227-AACB-4034-B52D-D755529B78FF}.Release|Win32.Build.0 = Release|Win32
		{F537E227-AACB-4034-B52D-D755529B78FF}.Release|x64.ActiveCfg = Release|Win32
		{D2F83F1E-07CD-42AD-950B-4C9C646E78CE}.Debug|Win32.ActiveCfg = Debug|Win32
		{D2F83F1E-07CD-42AD-950B-4C9C646E78CE}.Debug|Win32.Build.0 = Debug|Win32
		{D2F83F1E-07CD-42AD-950B-4C9C646E78CE}.Debug|x64.ActiveCfg = Debug|Win32
		{D2F83F1E-07CD-42AD-950B-4C9C646E78CE}.Feedback Mode|Win32.ActiveCfg = Feedback Mode|Win32
		{D2F83F1E-07CD-42AD-950B-4C9C646E78CE}.Feedback Mode|Win32.Build.0 = Feedback Mode|Win32
		{D2F83F1E-07CD-42AD-950B-4C9C646E78CE}.Feedback Mode|x64.ActiveCfg = Feedback Mode|Win32
		{D2F83F1E-07CD-42AD-950B-4C9C646E78CE}.Release|Win32.ActiveCfg = Release|Win32
		{D2F83F1E-07CD-42AD-950B-4C9C646E78CE}.Release|Win32.Build.0 = Release|Win32
		{D2F83F1E-07CD-42AD-950B-4C9C646E78CE}.Release|x64.ActiveCfg = Release|Win32
		{492508D5-7BF3-416C-8462-02D884DDEF5B}.Debug|Win32.ActiveCfg = Debug|Win32
		{492508D5-7BF3-416C-8462-02D884DDEF5B}.Debug|Win32.Build.0 = Debug|Win32
		{492508D5-7BF3-416C-8462-02D884DDEF5B}.Debug|x64.ActiveCfg = Debug|Win32
		{492508D5-7BF3-416C-8462-02D884DDEF5B}.Feedback Mode|Win32.ActiveCfg = Feedback Mode|Win32
		{492508D5-7BF3-416C-8462-02D884DDEF5B}.Feedback Mode|Win32.Build.0 = Feedback Mode|Win32
		{492508D5-7BF3-416C-8462-02D884DDEF5B}.Feedback Mode|x64.ActiveCfg = Feedback Mode|Win32
		{492508D5-7BF3-416C-8462-02D884DDEF5B}.Release|Win32.ActiveCfg = Release|Win32
		{492508D5-7BF3-416C-8462-02D884DDEF5B}.Release|Win32.Build.0 = Release|Win32
		{492508D5-7BF3-416C-8462-02D884DDEF5B}.Release|x64.ActiveCfg = Release|Win32
		{A355B81E-2549-4008-8976-6F4F4533C80D}.Debug|Win32.ActiveCfg = Debug|Win32
		{A355B81E-2549-4008-8976-6F4F4533C80D}.Debug|Win32.Build.0 = Debug|Win32
		{A355B81E-2549-4008-8976-6F4F4533C80D}.Debug|x64.ActiveCfg = Debug|Win32
		{A355B81E-2549-4008-8976-6F4F4533C80D}.Feedback Mode|Win32.ActiveCfg = Feedback Mode|Win32
		{A355B81E-2549-4008-8976-6F4F4533C80D}.Feedback Mode|Win32.Build.0 = Feedback Mode|Win32
		{A355B81E-2549-4008-8976-6F4F4533C80D}.Feedback Mode|x64.ActiveCfg = Feedback Mode|Win32
		{A355B81E-2549-4008-8976-6F4F4533C80D}.Release|Win32.ActiveCfg = Release|Win32
		{A355B81E-2549-4008-8976-6F4F4533C80D}.Release|Win32.Build.0 = Release|Win32
		{A355B81E-2549-4008-8976-6F4F4533C80D}.Release|x64.ActiveCfg = Release|Win32
		{289F79B2-A684-4579-8243-1ABC6D9E491B}.Debug|Win32.ActiveCfg = Debug|Win32
		{289F79B2-A684-4579-8243-1ABC6D9E491B}.Debug|Win32.Build.0 = Debug|Win32
		{289F79B2-A684-4579-8243-1ABC6D9E491B}.Debug|x64.ActiveCfg = Debug|Win32
		{289F79B2-A684-4579-8243-1ABC6D9E491B}.Feedback Mode|Win32.ActiveCfg = Feedback Mode|Win32
		{289F79B2-A684-4579-8243-1ABC6D9E491B}.Feedback Mode|Win32.Build.0 = Feedback Mode|Win32
		{289F79B2-A684-4579-8243-1ABC6D9E491B}.Feedback Mode|x64.ActiveCfg = Feedback Mode|Win32
		{289F79B2-A684-4579-8243-1ABC6D9E491B}.Release|Win32.ActiveCfg = Release|Win32
		{289F79B2-A684-4579-8243-1ABC6D9E491B}.Release|Win32.Build.0 = Release|Win32
		{289F79B2-A684-4579-8243-1ABC6D9E491B}.Release|x64.ActiveCfg = Release|Win32
		{BE72B2AF-6B26-4B5B-A131-DF6FC0ED3281}.Debug|Win32.ActiveCfg = Debug|Win32
		{BE72B2AF-6B26-4B5B-A131-DF6FC0ED3281}.Debug|Win32.Build.0 = Debug|Win32
		{BE72B2AF-6B26-4B5B-A131-DF6FC0ED3281}.Debug|x64.ActiveCfg = Debug|Win32
		{BE72B2AF-6B26-4B5B-A131-DF6FC0ED3281}.Feedback Mode|Win32.ActiveCfg = Feedback Mode|Win32
		{BE72B2AF-6B26-4B5B-A131-DF6FC0ED3281}.Feedback Mode|Win32.Build.0 = Feedback Mode|Win32
		{BE72B2AF-6B26-4B5B-A131-DF6FC0ED3281}.Feedback Mode|x64.ActiveCfg = Feedback Mode|Win32
		{BE72B2AF-6B26-4B5B-A131-DF6FC0ED3281}.Release|Win32.ActiveCfg = Release|Win32
		{BE72B2AF-6B26-4B5B-A131-DF6FC0ED3281}.Release|Win32.Build.0 = Release|Win32
		{BE72B2AF-6B26-4B5B-A131-DF6FC0ED3281}.Release|x64.ActiveCfg = Release|Win32
		{C0071D36-CA5B-49DB-AB37-2D12A1135F65}.Debug|Win32.ActiveCfg = Debug|Win32
		{C0071D36-CA5B-49DB-AB37-2D12A1135F65}.Debug|Win32.Build.0 = Debug|Win32
		{C0071D36-CA5B-49DB-AB37-2D12A1135F65}.Debug|x64.ActiveCfg = Debug|Win32
		{C0071D36-CA5B-49DB-AB37-2D12A1135F65}.Feedback Mode|Win32.ActiveCfg = Feedback Mode|Win32
		{C0071D36-CA5B-49DB-AB37-2D12A1135F65}.Feedback Mode|Win32.Build.0 = Feedback Mode|Win32
		{C0071D36-CA5B-49DB-AB37-2D12A1135F65}.Feedback Mode|x64.ActiveCfg = Feedback Mode|Win32
		{C0071D36-CA5B-49DB-AB37-2D12A1135F65}.Release|Win32.ActiveCfg = Release|Win32
		{C0071D36-CA5B-49DB-AB37-2D12A1135F65}.Release|Win32.Build.0 = Release|Win32
		{C0071D36-CA5B-49DB-AB37-2D12A1135F65}.Release|x64.ActiveCfg = Release|Win32
		{4D8EBF51-A760-43C2-9BC5-F7B42D1C0FC8}.Debug|Win32.ActiveCfg = Debug|Win32
		{4D8EBF51-A760-43C2-9BC5-F7B42D1C0FC8}.Debug|Win32.Build.0 = Debug|Win32
		{4D8EBF51-A760-43C2-9BC5-F7B42D1C0FC8}.Debug|x64.ActiveCfg = Debug|Win32
		{4D8EBF51-A760-43C2-9BC5-F7B42D1C0FC8}.Feedback Mode|Win32.ActiveCfg = Feedback Mode|Win32
		{4D8EBF51-A760-43C2-9BC5-F7B42D1C0FC8}.Feedback Mode|Win32.Build.0 = Feedback Mode|Win32
		{4D8EBF51-A760-43C2-9BC5-F7B42D1C0FC8}.Feedback Mode|x64.ActiveCfg = Feedback Mode|Win32
		{4D8EBF51-A760-43C2-9BC5-F7B42D1C0FC8}.Release|Win32.ActiveCfg = Release|Win32
		{4D8EBF51-A760-43C2-9BC5-F7B42D1C0FC8}.Release|Win32.Build.0 = Release|Win32
		{4D8EBF51-A760-43C2-9BC5-F7B42D1C0FC8}.Release|x64.ActiveCfg = Release|Win32
		{9FA0BFE9-1F86-41CF-86FE-2212E0309CE9}.Debug|Win32.ActiveCfg = Debug|Win32
		{9FA0BFE9-1F86-41CF-86FE-2212E0309CE9}.Debug|Win32.Build.0 = Debug|Win32
		{9FA0BFE9-1F86-41CF-86FE-2212E0309CE9}.Debug|x64.ActiveCfg = Debug|Win32
		{9FA0BFE9-1F86-41CF-86FE-2212E0309CE9}.Feedback Mode|Win32.ActiveCfg = Feedback Mode|Win32
		{9FA0BFE9-1F86-41CF-86FE-2212E0309CE9}.Feedback Mode|Win32.Build.0 = Feedback Mode|Win32
		{9FA0BFE9-1F86-41CF-86FE-2212E0309CE9}.Feedback Mode|x64.ActiveCfg = Feedback Mode|Win32
		{9FA0BFE9-1F86-41CF-86FE-2212E0309CE9}.Release|Win32.ActiveCfg = Release|Win32
		{9FA0BFE9-1F86-41CF-86FE-2212E0309CE9}.Release|Win32.Build.0 = Release|Win32
		{9FA0BFE9-1F86-41CF-86FE-2212E0309CE9}.Release|x64.ActiveCfg = Release|Win32
		{69A88437-8990-4DF3-9158-64C06189FD47}.Debug|Win32.ActiveCfg = Debug|Win32
		{69A88437-8990-4DF3-9158-64C06189FD47}.Debug|Win32.Build.0 = Debug|Win32
		{69A88437-8990-4DF3-9158-64C06189FD47}.Debug|x64.ActiveCfg = Debug|Win32
		{69A88437-8990-4DF3-9158-64C06189FD47}.Feedback Mode|Win32.ActiveCfg = Feedback Mode|Win32
		{69A88437-8990-4DF3-9158-64C06189FD47}.Feedback Mode|Win32.Build.0 = Feedback Mode|Win32
		{69A88437-8990-4DF3-9158-64C06189FD47}.Feedback Mode|x64.ActiveCfg = Feedback Mode|Win32
		{69A88437-8990-4DF3-9158-64C06189FD47}.Release|Win32.ActiveCfg = Release|Win32
		{69A88437-8990-4DF3-9158-64C06189FD47}.Release|Win32.Build.0 = Release|Win32
		{69A88437-8990-4DF3-9158-64C06189FD47}.Release|x64.ActiveCfg = Release|Win32
		{856E451A-4E03-4C53-A38F-B19801410A69}.Debug|Win32.ActiveCfg = Debug|Win32
		{856E451A-4E03-4C53-A38F-B19801410A69}.Debug|Win32.Build.0 = Debug|Win32
		{856E451A-4E03-4C53-A38F-B19801410A69}.Debug|x64.ActiveCfg = Debug|Win32
		{856E451A-4E03-4C53-A38F-B19801410A69}.Feedback Mode|Win32.ActiveCfg = Feedback Mode|Win32
		{856E451A-4E03-4C53-A38F-B19801410A69}.Feedback Mode|Win32.Build.0 = Feedback Mode|Win32
		{856E451A-4E03-4C53-A38F-B19801410A69}.Feedback Mode|x64.ActiveCfg = Feedback Mode|Win32
		{856E451A-4E03-4C53-A38F-B19801410A69}.Release|Win32.ActiveCfg = Release|Win32
		{856E451A-4E03-4C53-A38F-B19801410A69}.Release|Win32.Build.0 = Release|Win32
		{856E451A-4E03-4C53-A38F-B19801410A69}.Release|x64.ActiveCfg = Release|Win32
		{2D89F251-81F1-4F36-89E8-96C62E8E7BDD}.Debug|Win32.ActiveCfg = Debug|Win32
		{2D89F251-81F1-4F36-89E8-96C62E8E7BDD}.Debug|Win32.Build.0 = Debug|Win32
		{2D89F251-81F1-4F36-89E8-96C62E8E7BDD}.Debug|x64.ActiveCfg = Debug|Win32
		{2D89F251-81F1-4F36-89E8-96C62E8E7BDD}.Feedback Mode|Win32.ActiveCfg = Feedback Mode|Win32
		{2D89F251-81F1-4F36-89E8-96C62E8E7BDD}.Feedback Mode|Win32.Build.0 = Feedback Mode|Win32
		{2D89F251-81F1-4F36-89E8-96C62E8E7BDD}.Feedback Mode|x64.ActiveCfg = Feedback Mode|Win32
		{2D89F251-81F1-4F36-89E8-96C62E8E7BDD}.Release|Win32.ActiveCfg = Release|Win32
		{2D89F251-81F1-4F36-89E8-96C62E8E7BDD}.Release|Win32.Build.0 = Release|Win32
		{2D89F251-81F1-4F36-89E8-96C62E8E7BDD}.Release|x64.ActiveCfg = Release|Win32
		{A4D14A5F-115F-4E7E-9687-BB3D15EE4823}.Debug|Win32.ActiveCfg = Debug|Win32
		{A4D14A5F-115F-4E7E-9687-BB3D15EE4823}.Debug|Win32.Build.0 = Debug|Win32
		{A4D14A5F-115F-4E7E-9687-BB3D15EE4823}.Debug|x64.ActiveCfg = Debug|Win32
		{A4D14A5F-115F-4E7E-9687-BB3D15EE4823}.Feedback Mode|Win32.ActiveCfg = Feedback Mode|Win32
		{A4D14A5F-115F-4E7E-9687-BB3D15EE4823}.Feedback Mode|Win32.Build.0 = Feedback Mode|Win32
		{A4D14A5F-115F-4E7E-9687-BB3D15EE4823}.Feedback Mode|x64.ActiveCfg = Feedback Mode|Win32
		{A4D14A5F-115F-4E7E-9687-BB3D15EE4823}.Release|Win32.ActiveCfg = Release|Win32
		{A4D14A5F-115F-4E7E-9687-BB3D15EE4823}.Release|Win32.Build.0 = Release|Win32
		{A4D14A5F-115F-4E7E-9687-BB3D15EE4823}.Release|x64.ActiveCfg = Release|Win32
		{888CE8D1-452F-44A3-804E-0899072C0D8C}.Debug|Win32.ActiveCfg = Debug|Win32
		{888CE8D1-452F-44A3-804E-0899072C0D8C}.Debug|Win32.Build.0 = Debug|Win32
		{888CE8D1-452F-44A3-804E-0899072C0D8C}.Debug|x64.ActiveCfg = Debug|Win32
		{888CE8D1-452F-44A3-804E-0899072C0D8C}.Feedback Mode|Win32.ActiveCfg = Feedback Mode|Win32
		{888CE8D1-452F-44A3-804E-0899072C0D8C}.Feedback Mode|Win32.Build.0 = Feedback Mode|Win32
		{888CE8D1-452F-44A3-804E-0899072C0D8C}.Feedback Mode|x64.ActiveCfg = Feedback Mode|Win32
		{888CE8D1-452F-44A3-804E-0899072C0D8C}.Release|Win32.ActiveCfg = Release|Win32
		{888CE8D1-452F-44A3-804E-0899072C0D8C}.Release|Win32.Build.0 = Release|Win32
		{888CE8D1-452F-44A3-804E-0899072C0D8C}.Release|x64.ActiveCfg = Release|Win32
		{57E2924A-A85F-4E9A-9F79-3389168C4797}.Debug|Win32.ActiveCfg = Debug|Win32
		{57E2924A-A85F-4E9A-9F79-3389168C4797}.Debug|Win32.Build.0 = Debug|Win32
		{57E2924A-A85F-4E9A-9F79-3389168C4797}.Debug|x64.ActiveCfg = Debug|Win32
		{57E2924A-A85F-4E9A-9F79-3389168C4797}.Feedback Mode|Win32.ActiveCfg = Feedback Mode|Win32
		{57E2924A-A85F-4E9A-9F79-3389168C4797}.Feedback Mode|Win32.Build.0 = Feedback Mode|Win32
		{57E2924A-A85F-4E9A-9F79-3389168C4797}.Feedback Mode|x64.ActiveCfg = Feedback Mode|Win32
		{57E2924A-A85F-4E9A-9F79-3389168C4797}.Release|Win32.ActiveCfg = Release|Win32
		{57E2924A-A85F-4E9A-9F79-3389168C4797}.Release|Win32.Build.0 = Release|Win32
		{57E2924A-A85F-4E9A-9F79-3389168C4797}.Release|x64.ActiveCfg = Release|Win32
		{4725542D-6577-4C83-A770-6F6CEB797D22}.Debug|Win32.ActiveCfg = Debug|Win32
		{4725542D-6577-4C83-A770-6F6CEB797D22}.Debug|Win32.Build.0 = Debug|Win32
		{4725542D-6577-4C83-A770-6F6CEB797D22}.Debug|x64.ActiveCfg = Debug|Win32
		{4725542D-6577-4C83-A770-6F6CEB797D22}.Feedback Mode|Win32.ActiveCfg = Feedback Mode|Win32
		{4725542D-6577-4C83-A770-6F6CEB797D22}.Feedback Mode|Win32.Build.0 = Feedback Mode|Win32
		{4725542D-6577-4C83-A770-6F6CEB797D22}.Feedback Mode|x64.ActiveCfg = Feedback Mode|Win32
		{4725542D-6577-4C83-A770-6F6CEB797D22}.Release|Win32.ActiveCfg = Release|Win32
		{4725542D-6577-4C83-A770-6F6CEB797D22}.Release|Win32.Build.0 = Release|Win32
		{4725542D-6577-4C83-A770-6F6CEB797D22}.Release|x64.ActiveCfg = Release|Win32
		{D0993D8B-76B5-4981-931D-467C08B343C9}.Debug|Win32.ActiveCfg = Debug|Win32
		{D0993D8B-76B5-4981-931D-467C08B343C9}.Debug|Win32.Build.0 = Debug|Win32
		{D0993D8B-76B5-4981-931D-467C08B343C9}.Debug|x64.ActiveCfg = Debug|Win32
		{D0993D8B-76B5-4981-931D-467C08B343C9}.Feedback Mode|Win32.ActiveCfg = Feedback Mode|Win32
		{D0993D8B-76B5-4981-931D-467C08B343C9}.Feedback Mode|Win32.Build.0 = Feedback Mode|Win32
		{D0993D8B-76B5-4981-931D-467C08B343C9}.Feedback Mode|x64.ActiveCfg = Feedback Mode|Win32
		{D0993D8B-76B5-4981-931D-467C08B343C9}.Release|Win32.ActiveCfg = Release|Win32
		{D0993D8B-76B5-4981-931D-467C08B343C9}.Release|Win32.Build.0 = Release|Win32
		{D0993D8B-76B5-4981-931D-467C08B343C9}.Release|x64.ActiveCfg = Release|Win32
		{766D4B68-84A4-4FC0-BBCC-41EA8BBF066A}.Debug|Win32.ActiveCfg = Debug|Win32
		{766D4B68-84A4-4FC0-BBCC-41EA8BBF066A}.Debug|Win32.Build.0 = Debug|Win32
		{766D4B68-84A4-4FC0-BBCC-41EA8BBF066A}.Debug|x64.ActiveCfg = Debug|Win32
		{766D4B68-84A4-4FC0-BBCC-41EA8BBF066A}.Feedback Mode|Win32.ActiveCfg = Feedback Mode|Win32
		{766D4B68-84A4-4FC0-BBCC-41EA8BBF066A}.Feedback Mode|Win32.Build.0 = Feedback Mode|Win32
		{766D4B68-84A4-4FC0-BBCC-41EA8BBF066A}.Feedback Mode|x64.ActiveCfg = Feedback Mode|Win32
		{766D4B68-84A4-4FC0-BBCC-41EA8BBF066A}.Release|Win32.ActiveCfg = Release|Win32
		{766D4B68-84A4-4FC0-BBCC-41EA8BBF066A}.Release|Win32.Build.0 = Release|Win32
		{766D4B68-84A4-4FC0-BBCC-41EA8BBF066A}.Release|x64.ActiveCfg = Release|Win32
		{D7384309-B65D-4285-B406-D7242D0CF9F3}.Debug|Win32.ActiveCfg = Debug|Win32
		{D7384309-B65D-4285-B406-D7242D0CF9F3}.Debug|Win32.Build.0 = Debug|Win32
		{D7384309-B65D-4285-B406-D7242D0CF9F3}.Debug|x64.ActiveCfg = Debug|Win32
		{D7384309-B65D-4285-B406-D7242D0CF9F3}.Feedback Mode|Win32.ActiveCfg = Feedback Mode|Win32
		{D7384309-B65D-4285-B406-D7242D0CF9F3}.Feedback Mode|Win32.Build.0 = Feedback Mode|Win32
		{D7384309-B65D-4285-B406-D7242D0CF9F3}.Feedback Mode|x64.ActiveCfg = Feedback Mode|Win32
		{D7384309-B65D-4285-B406-D7242D0CF9F3}.Release|Win32.ActiveCfg = Release|Win32
		{D7384309-B65D-4285-B406-D7242D0CF9F3}.Release|Win32.Build.0 = Release|Win32
		{D7384309-B65D-4285-B406-D7242D0CF9F3}.Release|x64.ActiveCfg = Release|Win32
		{9DC4046E-6A16-4546-89CF-AFC1BD5F0BBE}.Debug|Win32.ActiveCfg = Debug|Win32
		{9DC4046E-6A16-4546-89CF-AFC1BD5F0BBE}.Debug|Win32.Build.0 = Debug|Win32
		{9DC4046E-6A16-4546-89CF-AFC1BD5F0BBE}.Debug|x64.ActiveCfg = Debug|Win32
		{9DC4046E-6A16-4546-89CF-AFC1BD5F0BBE}.Feedback Mode|Win32.ActiveCfg = Feedback Mode|Win32
		{9DC4046E-6A16-4546-89CF-AFC1BD5F0BBE}.Feedback Mode|Win32.Build.0 = Feedback Mode|Win32
		{9DC4046E-6A16-4546-89CF-AFC1BD5F0BBE}.Feedback Mode|x64.ActiveCfg = Feedback Mode|Win32
		{9DC4046E-6A16-4546-89CF-AFC1BD5F0BBE}.Release|Win32.ActiveCfg = Release|Win32
		{9DC4046E-6A16-4546-89CF-AFC1BD5F0BBE}.Release|Win32.Build.0 = Release|Win32
		{9DC4046E-6A16-4546-89CF-AFC1BD5F0BBE}.Release|x64.ActiveCfg = Release|Win32
		{946DDDCE-5D0A-4105-9019-1D31C789A84A}.Debug|Win32.ActiveCfg = Debug|Win32
		{946DDDCE-5D0A-4105-9019-1D31C789A84A}.Debug|Win32.Build.0 = Debug|Win32
		{946DDDCE-5D0A-4105-9019-1D31C789A84A}.Debug|x64.ActiveCfg = Debug|Win32
		{946DDDCE-5D0A-4105-9019-1D31C789A84A}.Feedback Mode|Win32.ActiveCfg = Feedback Mode|Win32
		{946DDDCE-5D0A-4105-9019-1D31C789A84A}.Feedback Mode|Win32.Build.0 = Feedback Mode|Win32
		{946DDDCE-5D0A-4105-9019-1D31C789A84A}.Feedback Mode|x64.ActiveCfg = Feedback Mode|Win32
		{946DDDCE-5D0A-4105-9019-1D31C789A84A}.Release|Win32.ActiveCfg = Release|Win32
		{946DDDCE-5D0A-4105-9019-1D31C789A84A}.Release|Win32.Build.0 = Release|Win32
		{946DDDCE-5D0A-4105-9019-1D31C789A84A}.Release|x64.ActiveCfg = Release|Win32
		{EB194FEF-1014-4026-B773-C162BF8E9A27}.Debug|Win32.ActiveCfg = Debug|Win32
		{EB194FEF-1014-4026-B773-C162BF8E9A27}.Debug|Win32.Build.0 = Debug|Win32
		{EB194FEF-1014-4026-B773-C162BF8E9A27}.Debug|x64.ActiveCfg = Debug|Win32
		{EB194FEF-1014-4026-B773-C162BF8E9A27}.Feedback Mode|Win32.ActiveCfg = Feedback Mode|Win32
		{EB194FEF-1014-4026-B773-C162BF8E9A27}.Feedback Mode|Win32.Build.0 = Feedback Mode|Win32
		{EB194FEF-1014-4026-B773-C162BF8E9A27}.Feedback Mode|x64.ActiveCfg = Feedback Mode|Win32
		{EB194FEF-1014-4026-B773-C162BF8E9A27}.Release|Win32.ActiveCfg = Release|Win32
		{EB194FEF-1014-4026-B773-C162BF8E9A27}.Release|Win32.Build.0 = Release|Win32
		{EB194FEF-1014-4026-B773-C162BF8E9A27}.Release|x64.ActiveCfg = Release|Win32
		{AB574DD6-E519-47C6-B683-0C6B8F9F0D13}.Debug|Win32.ActiveCfg = Debug|Win32
		{AB574DD6-E519-47C6-B683-0C6B8F9F0D13}.Debug|Win32.Build.0 = Debug|Win32
		{AB574DD6-E519-47C6-B683-0C6B8F9F0D13}.Debug|x64.ActiveCfg = Debug|Win32
		{AB574DD6-E519-47C6-B683-0C6B8F9F0D13}.Feedback Mode|Win32.ActiveCfg = Feedback Mode|Win32
		{AB574DD6-E519-47C6-B683-0C6B8F9F0D13}.Feedback Mode|Win32.Build.0 = Feedback Mode|Win32
		{AB574DD6-E519-47C6-B683-0C6B8F9F0D13}.Feedback Mode|x64.ActiveCfg = Feedback Mode|Win32
		{AB574DD6-E519-47C6-B683-0C6B8F9F0D13}.Release|Win32.ActiveCfg = Release|Win32
		{AB574DD6-E519-47C6-B683-0C6B8F9F0D13}.Release|Win32.Build.0 = Release|Win32
		{AB574DD6-E519-47C6-B683-0C6B8F9F0D13}.Release|x64.ActiveCfg = Release|Win32
		{CDAAF8E3-744E-495D-88CD-949D1947C58A}.Debug|Win32.ActiveCfg = Debug|Win32
		{CDAAF8E3-744E-495D-88CD-949D1947C58A}.Debug|Win32.Build.0 = Debug|Win32
		{CDAAF8E3-744E-495D-88CD-949D1947C58A}.Debug|x64.ActiveCfg = Debug|Win32
		{CDAAF8E3-744E-495D-88CD-949D1947C58A}.Feedback Mode|Win32.ActiveCfg = Feedback Mode|Win32
		{CDAAF8E3-744E-495D-88CD-949D1947C58A}.Feedback Mode|Win32.Build.0 = Feedback Mode|Win32
		{CDAAF8E3-744E-495D-88CD-949D1947C58A}.Feedback Mode|x64.ActiveCfg = Feedback Mode|Win32
		{CDAAF8E3-744E-495D-88CD-949D1947C58A}.Release|Win32.ActiveCfg = Release|Win32
		{CDAAF8E3-744E-495D-88CD-949D1947C58A}.Release|Win32.Build.0 = Release|Win32
		{CDAAF8E3-744E-495D-88CD-949D1947C58A}.Release|x64.ActiveCfg = Release|Win32
		{8923A337-A109-4A8A-92A7-0C85BB8B4BBD}.Debug|Win32.ActiveCfg = Debug|Win32
		{8923A337-A109-4A8A-92A7-0C85BB8B4BBD}.Debug|Win32.Build.0 = Debug|Win32
		{8923A337-A109-4A8A-92A7-0C85BB8B4BBD}.Debug|x64.ActiveCfg = Debug|Win32
		{8923A337-A109-4A8A-92A7-0C85BB8B4BBD}.Feedback Mode|Win32.ActiveCfg = Feedback Mode|Win32
		{8923A337-A109-4A8A-92A7-0C85BB8B4BBD}.Feedback Mode|Win32.Build.0 = Feedback Mode|Win32
		{8923A337-A109-4A8A-92A7-0C85BB8B4BBD}.Feedback Mode|x64.ActiveCfg = Feedback Mode|Win32
		{8923A337-A109-4A8A-92A7-0C85BB8B4BBD}.Release|Win32.ActiveCfg = Release|Win32
		{8923A337-A109-4A8A-92A7-0C85BB8B4BBD}.Release|Win32.Build.0 = Release|Win32
		{8923A337-A109-4A8A-92A7-0C85BB8B4BBD}.Release|x64.ActiveCfg = Release|Win32
		{F94F36AA-44A7-44C1-9589-C2906551791C}.Debug|Win32.ActiveCfg = Debug|Win32
		{F94F36AA-44A7-44C1-9589-C2906551791C}.Debug|Win32.Build.0 = Debug|Win32
		{F94F36AA-44A7-44C1-9589-C2906551791C}.Debug|x64.ActiveCfg = Debug|Win32
		{F94F36AA-44A7-44C1-9589-C2906551791C}.Feedback Mode|Win32.ActiveCfg = Feedback Mode|Win32
		{F94F36AA-44A7-44C1-9589-C2906551791C}.Feedback Mode|Win32.Build.0 = Feedback Mode|Win32
		{F94F36AA-44A7-44C1-9589-C2906551791C}.Feedback Mode|x64.ActiveCfg = Feedback Mode|Win32
		{F94F36AA-44A7-44C1-9589-C2906551791C}.Release|Win32.ActiveCfg = Release|Win32
		{F94F36AA-44A7-44C1-9589-C2906551791C}.Release|Win32.Build.0 = Release|Win32
		{F94F36AA-44A7-44C1-9589-C2906551791C}.Release|x64.ActiveCfg = Release|Win32
		{7931F282-D539-4F6A-934D-DBCC81549C4C}.Debug|Win32.ActiveCfg = Debug|Win32
		{7931F282-D539-4F6A-934D-DBCC81549C4C}.Debug|Win32.Build.0 = Debug|Win32
		{7931F282-D539-4F6A-934D-DBCC81549C4C}.Debug|x64.ActiveCfg = Debug|Win32
		{7931F282-D539-4F6A-934D-DBCC81549C4C}.Feedback Mode|Win32.ActiveCfg = Feedback Mode|Win32
		{7931F282-D539-4F6A-934D-DBCC81549C4C}.Feedback Mode|Win32.Build.0 = Feedback Mode|Win32
		{7931F282-D539-4F6A-934D-DBCC81549C4C}.Feedback Mode|x64.ActiveCfg = Feedback Mode|Win32
		{7931F282-D539-4F6A-934D-DBCC81549C4C}.Release|Win32.ActiveCfg = Release|Win32
		{7931F282-D539-4F6A-934D-DBCC81549C4C}.Release|Win32.Build.0 = Release|Win32
		{7931F282-D539-4F6A-934D-DBCC81549C4C}.Release|x64.ActiveCfg = Release|Win32
		{67911DC0-C2A3-4696-8CB6-82078EAF7140}.Debug|Win32.ActiveCfg = Debug|Win32
		{67911DC0-C2A3-4696-8CB6-82078EAF7140}.Debug|Win32.Build.0 = Debug|Win32
		{67911DC0-C2A3-4696-8CB6-82078EAF7140}.Debug|x64.ActiveCfg = Debug|Win32
		{67911DC0-C2A3-4696-8CB6-82078EAF7140}.Feedback Mode|Win32.ActiveCfg = Feedback Mode|Win32
		{67911DC0-C2A3-4696-8CB6-82078EAF7140}.Feedback Mode|Win32.Build.0 = Feedback Mode|Win32
		{67911DC0-C2A3-4696-8CB6-82078EAF7140}.Feedback Mode|x64.ActiveCfg = Feedback Mode|Win32
		{67911DC0-C2A3-4696-8CB6-82078EAF7140}.Release|Win32.ActiveCfg = Release|Win32
		{67911DC0-C2A3-4696-8CB6-82078EAF7140}.Release|Win32.Build.0 = Release|Win32
		{67911DC0-C2A3-4696-8CB6-82078EAF7140}.Release|x64.ActiveCfg = Release|Win32
		{A593D26B-388E-4242-8AFC-056878E72D50}.Debug|Win32.ActiveCfg = Debug|Win32
		{A593D26B-388E-4242-8AFC-056878E72D50}.Debug|Win32.Build.0 = Debug|Win32
		{A593D26B-388E-4242-8AFC-056878E72D50}.Debug|x64.ActiveCfg = Debug|x64
		{A593D26B-388E-4242-8AFC-056878E72D50}.Debug|x64.Build.0 = Debug|x64
		{A593D26B-388E-4242-8AFC-056878E72D50}.Feedback Mode|Win32.ActiveCfg = Release|Win32
		{A593D26B-388E-4242-8AFC-056878E72D50}.Feedback Mode|Win32.Build.0 = Release|Win32
		{A593D26B-388E-4242-8AFC-056878E72D50}.Feedback Mode|x64.ActiveCfg = Release|x64
		{A593D26B-388E-4242-8AFC-056878E72D50}.Feedback Mode|x64.Build.0 = Release|x64
		{A593D26B-388E-4242-8AFC-056878E72D50}.Release|Win32.ActiveCfg = Release|Win32
		{A593D26B-388E-4242-8AFC-056878E72D50}.Release|Win32.Build.0 = Release|Win32
		{A593D26B-388E-4242-8AFC-056878E72D50}.Release|x64.ActiveCfg = Release|x64
		{A593D26B-388E-4242-8AFC-056878E72D50}.Release|x64.Build.0 = Release|x64
		{291AB1B9-A1B6-4CA6-ABB4-934F821F3261}.Debug|Win32.ActiveCfg = Debug|Win32
		{291AB1B9-A1B6-4CA6-ABB4-934F821F3261}.Debug|Win32.Build.0 = Debug|Win32
		{291AB1B9-A1B6-4CA6-ABB4-934F821F3261}.Debug|x64.ActiveCfg = Debug|x64
		{291AB1B9-A1B6-4CA6-ABB4-934F821F3261}.Debug|x64.Build.0 = Debug|x64
		{291AB1B9-A1B6-4CA6-ABB4-934F821F3261}.Feedback Mode|Win32.ActiveCfg = Release|Win32
		{291AB1B9-A1B6-4CA6-ABB4-934F821F3261}.Feedback Mode|Win32.Build.0 = Release|Win32
		{291AB1B9-A1B6-4CA6-ABB4-934F821F3261}.Feedback Mode|x64.ActiveCfg = Release|x64
		{291AB1B9-A1B6-4CA6-ABB4-934F821F3261}.Feedback Mode|x64.Build.0 = Release|x64
		{291AB1B9-A1B6-4CA6-ABB4-934F821F3261}.Release|Win32.ActiveCfg = Release|Win32
		{291AB1B9-A1B6-4CA6-ABB4-934F821F3261}.Release|Win32.Build.0 = Release|Win32
		{291AB1B9-A1B6-4CA6-ABB4-934F821F3261}.Release|x64.ActiveCfg = Release|x64
		{291AB1B9-A1B6-4CA6-ABB4-934F821F3261}.Release|x64.Build.0 = Release|x64
		{28505A4F-5045-43D1-9BD8-4FC09878C923}.Debug|Win32.ActiveCfg = Debug|Win32
		{28505A4F-5045-43D1-9BD8-4FC09878C923}.Debug|Win32.Build.0 = Debug|Win32
		{28505A4F-5045-43D1-9BD8-4FC09878C923}.Debug|x64.ActiveCfg = Debug|x64
		{28505A4F-5045-43D1-9BD8-4FC09878C923}.Debug|x64.Build.0 = Debug|x64
		{28505A4F-5045-43D1-9BD8-4FC09878C923}.Feedback Mode|Win32.ActiveCfg = Release|Win32
		{28505A4F-5045-43D1-9BD8-4FC09878C923}.Feedback Mode|Win32.Build.0 = Release|Win32
		{28505A4F-5045-43D1-9BD8-4FC09878C923}.Feedback Mode|x64.ActiveCfg = Release|x64
		{28505A4F-5045-43D1-9BD8-4FC09878C923}.Feedback Mode|x64.Build.0 = Release|x64
		{28505A4F-5045-43D1-9BD8-4FC09878C923}.Release|Win32.ActiveCfg = Release|Win32
		{28505A4F-5045-43D1-9BD8-4FC09878C923}.Release|Win32.Build.0 = Release|Win32
		{28505A4F-5045-43D1-9BD8-4FC09878C923}.Release|x64.ActiveCfg = Release|x64
		{28505A4F-5045-43D1-9BD8-4FC09878C923}.Release|x64.Build.0 = Release|x64
		{7BDA9557-95DA-47F4-BA35-F51DF96DAD9D}.Debug|Win32.ActiveCfg = Debug|Win32
		{7BDA9557-95DA-47F4-BA35-F51DF96DAD9D}.Debug|Win32.Build.0 = Debug|Win32
		{7BDA9557-95DA-47F4-BA35-F51DF96DAD9D}.Debug|x64.ActiveCfg = Debug|x64
		{7BDA9557-95DA-47F4-BA35-F51DF96DAD9D}.Debug|x64.Build.0 = Debug|x64
		{7BDA9557-95DA-47F4-BA35-F51DF96DAD9D}.Feedback Mode|Win32.ActiveCfg = Release|Win32
		{7BDA9557-95DA-47F4-BA35-F51DF96DAD9D}.Feedback Mode|Win32.Build.0 = Release|Win32
		{7BDA9557-95DA-47F4-BA35-F51DF96DAD9D}.Feedback Mode|x64.ActiveCfg = Release|x64
		{7BDA9557-95DA-47F4-BA35-F51DF96DAD9D}.Feedback Mode|x64.Build.0 = Release|x64
		{7BDA9557-95DA-47F4-BA35-F51DF96DAD9D}.Release|Win32.ActiveCfg = Release|Win32
		{7BDA9557-95DA-47F4-BA35-F51DF96DAD9D}.Release|Win32.Build.0 = Release|Win32
		{7BDA9557-95DA-47F4-BA35-F51DF96DAD9D}.Release|x64.ActiveCfg = Release|x64
		{7BDA9557-95DA-47F4-BA35-F51DF96DAD9D}.Release|x64.Build.0 = Release|x64
		{21C615E1-4693-4467-8302-E5A9AA9AB61E}.Debug|Win32.ActiveCfg = Debug|Win32
		{21C615E1-4693-4467-8302-E5A9AA9AB61E}.Debug|Win32.Build.0 = Debug|Win32
		{21C615E1-4693-4467-8302-E5A9AA9AB61E}.Debug|x64.ActiveCfg = Debug|x64
		{21C615E1-4693-4467-8302-E5A9AA9AB61E}.Debug|x64.Build.0 = Debug|x64
		{21C615E1-4693-4467-8302-E5A9AA9AB61E}.Feedback Mode|Win32.ActiveCfg = Release|Win32
		{21C615E1-4693-4467-8302-E5A9AA9AB61E}.Feedback Mode|Win32.Build.0 = Release|Win32
		{21C615E1-4693-4467-8302-E5A9AA9AB61E}.Feedback Mode|x64.ActiveCfg = Release|x64
		{21C615E1-4693-4467-8302-E5A9AA9AB61E}.Feedback Mode|x64.Build.0 = Release|x64
		{21C615E1-4693-4467-8302-E5A9AA9AB61E}.Release|Win32.ActiveCfg = Release|Win32
		{21C615E1-4693-4467-8302-E5A9AA9AB61E}.Release|Win32.Build.0 = Release|Win32
		{21C615E1-4693-4467-8302-E5A9AA9AB61E}.Release|x64.ActiveCfg = Release|x64
		{21C615E1-4693-4467-8302-E5A9AA9AB61E}.Release|x64.Build.0 = Release|x64
		{01BF5B25-7EB1-49CB-A80E-3BAC15429340}.Debug|Win32.ActiveCfg = Debug|Win32
		{01BF5B25-7EB1-49CB-A80E-3BAC15429340}.Debug|Win32.Build.0 = Debug|Win32
		{01BF5B25-7EB1-49CB-A80E-3BAC15429340}.Debug|x64.ActiveCfg = Debug|x64
		{01BF5B25-7EB1-49CB-A80E-3BAC15429340}.Debug|x64.Build.0 = Debug|x64
		{01BF5B25-7EB1-49CB-A80E-3BAC15429340}.Feedback Mode|Win32.ActiveCfg = Release|Win32
		{01BF5B25-7EB1-49CB-A80E-3BAC15429340}.Feedback Mode|Win32.Build.0 = Release|Win32
		{01BF5B25-7EB1-49CB-A80E-3BAC15429340}.Feedback Mode|x64.ActiveCfg = Release|x64
		{01BF5B25-7EB1-49CB-A80E-3BAC15429340}.Feedback Mode|x64.Build.0 = Release|x64
		{01BF5B25-7EB1-49CB-A80E-3BAC15429340}.Release|Win32.ActiveCfg = Release|Win32
		{01BF5B25-7EB1-49CB-A80E-3BAC15429340}.Release|Win32.Build.0 = Release|Win32
		{01BF5B25-7EB1-49CB-A80E-3BAC15429340}.Release|x64.ActiveCfg = Release|x64
		{01BF5B25-7EB1-49CB-A80E-3BAC15429340}.Release|x64.Build.0 = Release|x64
		{A268418C-644E-4F4A-9E87-A4FA4441F2CA}.Debug|Win32.ActiveCfg = Debug|Win32
		{A268418C-644E-4F4A-9E87-A4FA4441F2CA}.Debug|Win32.Build.0 = Debug|Win32
		{A268418C-644E-4F4A-9E87-A4FA4441F2CA}.Debug|x64.ActiveCfg = Debug|x64
		{A268418C-644E-4F4A-9E87-A4FA4441F2CA}.Debug|x64.Build.0 = Debug|x64
		{A268418C-644E-4F4A-9E87-A4FA4441F2CA}.Feedback Mode|Win32.ActiveCfg = Release|Win32
		{A268418C-644E-4F4A-9E87-A4FA4441F2CA}.Feedback Mode|Win32.Build.0 = Release|Win32
		{A268418C-644E-4F4A-9E87-A4FA4441F2CA}.Feedback Mode|x64.ActiveCfg = Release|x64
		{A268418C-644E-4F4A-9E87-A4FA4441F2CA}.Feedback Mode|x64.Build.0 = Release|x64
		{A268418C-644E-4F4A-9E87-A4FA4441F2CA}.Release|Win32.ActiveCfg = Release|Win32
		{A268418C-644E-4F4A-9E87-A4FA4441F2CA}.Release|Win32.Build.0 = Release|Win32
		{A268418C-644E-4F4A-9E87-A4FA4441F2CA}.Release|x64.ActiveCfg = Release|x64
		{A268418C-644E-4F4A-9E87-A4FA4441F2CA}.Release|x64.Build.0 = Release|x64
		{388F1BFF-0D0C-4512-8223-A3747EB3D11A}.Debug|Win32.ActiveCfg = Debug|Win32
		{388F1BFF-0D0C-4512-8223-A3747EB3D11A}.Debug|Win32.Build.0 = Debug|Win32
		{388F1BFF-0D0C-4512-8223-A3747EB3D11A}.Debug|x64.ActiveCfg = Debug|x64
		{388F1BFF-0D0C-4512-8223-A3747EB3D11A}.Debug|x64.Build.0 = Debug|x64
		{388F1BFF-0D0C-4512-8223-A3747EB3D11A}.Feedback Mode|Win32.ActiveCfg = Release|Win32
		{388F1BFF-0D0C-4512-8223-A3747EB3D11A}.Feedback Mode|Win32.Build.0 = Release|Win32
		{388F1BFF-0D0C-4512-8223-A3747EB3D11A}.Feedback Mode|x64.ActiveCfg = Release|x64
		{388F1BFF-0D0C-4512-8223-A3747EB3D11A}.Feedback Mode|x64.Build.0 = Release|x64
		{388F1BFF-0D0C-4512-8223-A3747EB3D11A}.Release|Win32.ActiveCfg = Release|Win32
		{388F1BFF-0D0C-4512-8223-A3747EB3D11A}.Release|Win32.Build.0 = Release|Win32
		{388F1BFF-0D0C-4512-8223-A3747EB3D11A}.Release|x64.ActiveCfg = Release|x64
		{388F1BFF-0D0C-4512-8223-A3747EB3D11A}.Release|x64.Build.0 = Release|x64
		{8E4538F2-7298-4FB2-A3C7-4A7B1E735C49}.Debug|Win32.ActiveCfg = Debug|Win32
		{8E4538F2-7298-4FB2-A3C7-4A7B1E735C49}.Debug|Win32.Build.0 = Debug|Win32
		{8E4538F2-7298-4FB2-A3C7-4A7B1E735C49}.Debug|x64.ActiveCfg = Debug|x64
		{8E4538F2-7298-4FB2-A3C7-4A7B1E735C49}.Debug|x64.Build.0 = Debug|x64
		{8E4538F2-7298-4FB2-A3C7-4A7B1E735C49}.Feedback Mode|Win32.ActiveCfg = Release|Win32
		{8E4538F2-7298-4FB2-A3C7-4A7B1E735C49}.Feedback Mode|Win32.Build.0 = Release|Win32
		{8E4538F2-7298-4FB2-A3C7-4A7B1E735C49}.Feedback Mode|x64.ActiveCfg = Release|x64
		{8E4538F2-7298-4FB2-A3C7-4A7B1E735C49}.Feedback Mode|x64.Build.0 = Release|x64
		{8E4538F2-7298-4FB2-A3C7-4A7B1E735C49}.Release|Win32.ActiveCfg = Release|Win32
		{8E4538F2-7298-4FB2-A3C7-4A7B1E735C49}.Release|Win32.Build.0 = Release|Win32
		{8E4538F2-7298-4FB2-A3C7-4A7B1E735C49}.Release|x64.ActiveCfg = Release|x64
		{8E4538F2-7298-4FB2-A3C7-4A7B1E735C49}.Release|x64.Build.0 = Release|x64
		{26B1C14E-7637-4F77-B116-CA5FBE3ACA09}.Debug|Win32.ActiveCfg = Debug|Win32
		{26B1C14E-7637-4F77-B116-CA5FBE3ACA09}.Debug|Win32.Build.0 = Debug|Win32
		{26B1C14E-7637-4F77-B116-CA5FBE3ACA09}.Debug|x64.ActiveCfg = Debug|x64
		{26B1C14E-7637-4F77-B116-CA5FBE3ACA09}.Debug|x64.Build.0 = Debug|x64
		{26B1C14E-7637-4F77-B116-CA5FBE3ACA09}.Feedback Mode|Win32.ActiveCfg = Release|Win32
		{26B1C14E-7637-4F77-B116-CA5FBE3ACA09}.Feedback Mode|Win32.Build.0 = Release|Win32
		{26B1C14E-7637-4F77-B116-CA5FBE3ACA09}.Feedback Mode|x64.ActiveCfg = Release|x64
		{26B1C14E-7637-4F77-B116-CA5FBE3ACA09}.Feedback Mode|x64.Build.0 = Release|x64
		{26B1C14E-7637-4F77-B116-CA5FBE3ACA09}.Release|Win32.ActiveCfg = Release|Win32
		{26B1C14E-7637-4F77-B116-CA5FBE3ACA09}.Release|Win32.Build.0 = Release|Win32
		{26B1C14E-7637-4F77-B116-CA5FBE3ACA09}.Release|x64.ActiveCfg = Release|x64
		{26B1C14E-7637-4F77-B116-CA5FBE3ACA09}.Release|x64.Build.0 = Release|x64
		{3FC85EBE-7997-49CB-84DF-A792B0132AC1}.Debug|Win32.ActiveCfg = Debug|Win32
		{3FC85EBE-7997-49CB-84DF-A792B0132AC1}.Debug|Win32.Build.0 = Debug|Win32
		{3FC85EBE-7997-49CB-84DF-A792B0132AC1}.Debug|x64.ActiveCfg = Debug|x64
		{3FC85EBE-7997-49CB-84DF-A792B0132AC1}.Debug|x64.Build.0 = Debug|x64
		{3FC85EBE-7997-49CB-84DF-A792B0132AC1}.Feedback Mode|Win32.ActiveCfg = Release|Win32
		{3FC85EBE-7997-49CB-84DF-A792B0132AC1}.Feedback Mode|Win32.Build.0 = Release|Win32
		{3FC85EBE-7997-49CB-84DF-A792B0132AC1}.Feedback Mode|x64.ActiveCfg = Release|x64
		{3FC85EBE-7997-49CB-84DF-A792B0132AC1}.Feedback Mode|x64.Build.0 = Release|x64
		{3FC85EBE-7997-49CB-84DF-A792B0132AC1}.Release|Win32.ActiveCfg = Release|Win32
		{3FC85EBE-7997-49CB-84DF-A792B0132AC1}.Release|Win32.Build.0 = Release|Win32
		{3FC85EBE-7997-49CB-84DF-A792B0132AC1}.Release|x64.ActiveCfg = Release|x64
		{3FC85EBE-7997-49CB-84DF-A792B0132AC1}.Release|x64.Build.0 = Release|x64
		{83110E94-CA84-4397-90FC-CB93500BFC84}.Debug|Win32.ActiveCfg = Debug|Win32
		{83110E94-CA84-4397-90FC-CB93500BFC84}.Debug|Win32.Build.0 = Debug|Win32
		{83110E94-CA84-4397-90FC-CB93500BFC84}.Debug|x64.ActiveCfg = Debug|x64
		{83110E94-CA84-4397-90FC-CB93500BFC84}.Debug|x64.Build.0 = Debug|x64
		{83110E94-CA84-4397-90FC-CB93500BFC84}.Feedback Mode|Win32.ActiveCfg = Release|Win32
		{83110E94-CA84-4397-90FC-CB93500BFC84}.Feedback Mode|Win32.Build.0 = Release|Win32
		{83110E94-CA84-4397-90FC-CB93500BFC84}.Feedback Mode|x64.ActiveCfg = Release|x64
		{83110E94-CA84-4397-90FC-CB93500BFC84}.Feedback Mode|x64.Build.0 = Release|x64
		{83110E94-CA84-4397-90FC-CB93500BFC84}.Release|Win32.ActiveCfg = Release|Win32
		{83110E94-CA84-4397-90FC-CB93500BFC84}.Release|Win32.Build.0 = Release|Win32
		{83110E94-CA84-4397-90FC-CB93500BFC84}.Release|x64.ActiveCfg = Release|x64
		{83110E94-CA84-4397-90FC-CB93500BFC84}.Release|x64.Build.0 = Release|x64
		{789A4AD0-BA90-40CF-97DC-6655DC5E6B16}.Debug|Win32.ActiveCfg = Debug|Win32
		{789A4AD0-BA90-40CF-97DC-6655DC5E6B16}.Debug|Win32.Build.0 = Debug|Win32
		{789A4AD0-BA90-40CF-97DC-6655DC5E6B16}.Debug|x64.ActiveCfg = Debug|x64
		{789A4AD0-BA90-40CF-97DC-6655DC5E6B16}.Debug|x64.Build.0 = Debug|x64
		{789A4AD0-BA90-40CF-97DC-6655DC5E6B16}.Feedback Mode|Win32.ActiveCfg = Release|Win32
		{789A4AD0-BA90-40CF-97DC-6655DC5E6B16}.Feedback Mode|Win32.Build.0 = Release|Win32
		{789A4AD0-BA90-40CF-97DC-6655DC5E6B16}.Feedback Mode|x64.ActiveCfg = Release|x64
		{789A4AD0-BA90-40CF-97DC-6655DC5E6B16}.Feedback Mode|x64.Build.0 = Release|x64
		{789A4AD0-BA90-40CF-97DC-6655DC5E6B16}.Release|Win32.ActiveCfg = Release|Win32
		{789A4AD0-BA90-40CF-97DC-6655DC5E6B16}.Release|Win32.Build.0 = Release|Win32
		{789A4AD0-BA90-40CF-97DC-6655DC5E6B16}.Release|x64.ActiveCfg = Release|x64
		{789A4AD0-BA90-40CF-97DC-6655DC5E6B16}.Release|x64.Build.0 = Release|x64
		{9F6EFB0A-EEC3-441C-8230-9BC9AF22B217}.Debug|Win32.ActiveCfg = Debug|Win32
		{9F6EFB0A-EEC3-441C-8230-9BC9AF22B217}.Debug|Win32.Build.0 = Debug|Win32
		{9F6EFB0A-EEC3-441C-8230-9BC9AF22B217}.Debug|x64.ActiveCfg = Debug|x64
		{9F6EFB0A-EEC3-441C-8230-9BC9AF22B217}.Debug|x64.Build.0 = Debug|x64
		{9F6EFB0A-EEC3-441C-8230-9BC9AF22B217}.Feedback Mode|Win32.ActiveCfg = Release|Win32
		{9F6EFB0A-EEC3-441C-8230-9BC9AF22B217}.Feedback Mode|Win32.Build.0 = Release|Win32
		{9F6EFB0A-EEC3-441C-8230-9BC9AF22B217}.Feedback Mode|x64.ActiveCfg = Release|x64
		{9F6EFB0A-EEC3-441C-8230-9BC9AF22B217}.Feedback Mode|x64.Build.0 = Release|x64
		{9F6EFB0A-EEC3-441C-8230-9BC9AF22B217}.Release|Win32.ActiveCfg = Release|Win32
		{9F6EFB0A-EEC3-441C-8230-9BC9AF22B217}.Release|Win32.Build.0 = Release|Win32
		{9F6EFB0A-EEC3-441C-8230-9BC9AF22B217}.Release|x64.ActiveCfg = Release|x64
		{9F6EFB0A-EEC3-441C-8230-9BC9AF22B217}.Release|x64.Build.0 = Release|x64
		{BB41116F-E08F-4B29-A43D-2F3F273FD53E}.Debug|Win32.ActiveCfg = Debug|Win32
		{BB41116F-E08F-4B29-A43D-2F3F273FD53E}.Debug|Win32.Build.0 = Debug|Win32
		{BB41116F-E08F-4B29-A43D-2F3F273FD53E}.Debug|x64.ActiveCfg = Debug|x64
		{BB41116F-E08F-4B29-A43D-2F3F273FD53E}.Debug|x64.Build.0 = Debug|x64
		{BB41116F-E08F-4B29-A43D-2F3F273FD53E}.Feedback Mode|Win32.ActiveCfg = Release|Win32
		{BB41116F-E08F-4B29-A43D-2F3F273FD53E}.Feedback Mode|Win32.Build.0 = Release|Win32
		{BB41116F-E08F-4B29-A43D-2F3F273FD53E}.Feedback Mode|x64.ActiveCfg = Release|x64
		{BB41116F-E08F-4B29-A43D-2F3F273FD53E}.Feedback Mode|x64.Build.0 = Release|x64
		{BB41116F-E08F-4B29-A43D-2F3F273FD53E}.Release|Win32.ActiveCfg = Release|Win32
		{BB41116F-E08F-4B29-A43D-2F3F273FD53E}.Release|Win32.Build.0 = Release|Win32
		{BB41116F-E08F-4B29-A43D-2F3F273FD53E}.Release|x64.ActiveCfg = Release|x64
		{BB41116F-E08F-4B29-A43D-2F3F273FD53E}.Release|x64.Build.0 = Release|x64
		{F96BF1EB-F39A-4D4F-8862-041D0B616BA5}.Debug|Win32.ActiveCfg = Debug|Win32
		{F96BF1EB-F39A-4D4F-8862-041D0B616BA5}.Debug|Win32.Build.0 = Debug|Win32
		{F96BF1EB-F39A-4D4F-8862-041D0B616BA5}.Debug|x64.ActiveCfg = Debug|x64
		{F96BF1EB-F39A-4D4F-8862-041D0B616BA5}.Debug|x64.Build.0 = Debug|x64
		{F96BF1EB-F39A-4D4F-8862-041D0B616BA5}.Feedback Mode|Win32.ActiveCfg = Release|Win32
		{F96BF1EB-F39A-4D4F-8862-041D0B616BA5}.Feedback Mode|Win32.Build.0 = Release|Win32
		{F96BF1EB-F39A-4D4F-8862-041D0B616BA5}.Feedback Mode|x64.ActiveCfg = Release|x64
		{F96BF1EB-F39A-4D4F-8862-041D0B616BA5}.Feedback Mode|x64.Build.0 = Release|x64
		{F96BF1EB-F39A-4D4F-8862-041D0B616BA5}.Release|Win32.ActiveCfg = Release|Win32
		{F96BF1EB-F39A-4D4F-8862-041D0B616BA5}.Release|Win32.Build.0 = Release|Win32
		{F96BF1EB-F39A-4D4F-8862-041D0B616BA5}.Release|x64.ActiveCfg = Release|x64
		{F96BF1EB-F39A-4D4F-8862-041D0B616BA5}.Release|x64.Build.0 = Release|x64
		{8FE4E4DC-CDAF-40C6-9611-F8716BE74629}.Debug|Win32.ActiveCfg = Debug|Win32
		{8FE4E4DC-CDAF-40C6-9611-F8716BE74629}.Debug|Win32.Build.0 = Debug|Win32
		{8FE4E4DC-CDAF-40C6-9611-F8716BE74629}.Debug|x64.ActiveCfg = Debug|x64
		{8FE4E4DC-CDAF-40C6-9611-F8716BE74629}.Debug|x64.Build.0 = Debug|x64
		{8FE4E4DC-CDAF-40C6-9611-F8716BE74629}.Feedback Mode|Win32.ActiveCfg = Release|Win32
		{8FE4E4DC-CDAF-40C6-9611-F8716BE74629}.Feedback Mode|Win32.Build.0 = Release|Win32
		{8FE4E4DC-CDAF-40C6-9611-F8716BE74629}.Feedback Mode|x64.ActiveCfg = Release|x64
		{8FE4E4DC-CDAF-40C6-9611-F8716BE74629}.Feedback Mode|x64.Build.0 = Release|x64
		{8FE4E4DC-CDAF-40C6-9611-F8716BE74629}.Release|Win32.ActiveCfg = Release|Win32
		{8FE4E4DC-CDAF-40C6-9611-F8716BE74629}.Release|Win32.Build.0 = Release|Win32
		{8FE4E4DC-CDAF-40C6-9611-F8716BE74629}.Release|x64.ActiveCfg = Release|x64
		{8FE4E4DC-CDAF-40C6-9611-F8716BE74629}.Release|x64.Build.0 = Release|x64
		{3A44D02E-34F4-4195-8E95-52F3C54719B3}.Debug|Win32.ActiveCfg = Debug|Win32
		{3A44D02E-34F4-4195-8E95-52F3C54719B3}.Debug|Win32.Build.0 = Debug|Win32
		{3A44D02E-34F4-4195-8E95-52F3C54719B3}.Debug|x64.ActiveCfg = Debug|x64
		{3A44D02E-34F4-4195-8E95-52F3C54719B3}.Debug|x64.Build.0 = Debug|x64
		{3A44D02E-34F4-4195-8E95-52F3C54719B3}.Feedback Mode|Win32.ActiveCfg = Release|Win32
		{3A44D02E-34F4-4195-8E95-52F3C54719B3}.Feedback Mode|Win32.Build.0 = Release|Win32
		{3A44D02E-34F4-4195-8E95-52F3C54719B3}.Feedback Mode|x64.ActiveCfg = Release|x64
		{3A44D02E-34F4-4195-8E95-52F3C54719B3}.Feedback Mode|x64.Build.0 = Release|x64
		{3A44D02E-34F4-4195-8E95-52F3C54719B3}.Release|Win32.ActiveCfg = Release|Win32
		{3A44D02E-34F4-4195-8E95-52F3C54719B3}.Release|Win32.Build.0 = Release|Win32
		{3A44D02E-34F4-4195-8E95-52F3C54719B3}.Release|x64.ActiveCfg = Release|x64
		{3A44D02E-34F4-4195-8E95-52F3C54719B3}.Release|x64.Build.0 = Release|x64
		{603FD184-7BE8-4EFE-AA97-BEA0D97BD6D0}.Debug|Win32.ActiveCfg = Debug|Win32
		{603FD184-7BE8-4EFE-AA97-BEA0D97BD6D0}.Debug|Win32.Build.0 = Debug|Win32
		{603FD184-7BE8-4EFE-AA97-BEA0D97BD6D0}.Debug|x64.ActiveCfg = Debug|x64
		{603FD184-7BE8-4EFE-AA97-BEA0D97BD6D0}.Debug|x64.Build.0 = Debug|x64
		{603FD184-7BE8-4EFE-AA97-BEA0D97BD6D0}.Feedback Mode|Win32.ActiveCfg = Release|Win32
		{603FD184-7BE8-4EFE-AA97-BEA0D97BD6D0}.Feedback Mode|Win32.Build.0 = Release|Win32
		{603FD184-7BE8-4EFE-AA97-BEA0D97BD6D0}.Feedback Mode|x64.ActiveCfg = Release|x64
		{603FD184-7BE8-4EFE-AA97-BEA0D97BD6D0}.Feedback Mode|x64.Build.0 = Release|x64
		{603FD184-7BE8-4EFE-AA97-BEA0D97BD6D0}.Release|Win32.ActiveCfg = Release|Win32
		{603FD184-7BE8-4EFE-AA97-BEA0D97BD6D0}.Release|Win32.Build.0 = Release|Win32
		{603FD184-7BE8-4EFE-AA97-BEA0D97BD6D0}.Release|x64.ActiveCfg = Release|x64
		{603FD184-7BE8-4EFE-AA97-BEA0D97BD6D0}.Release|x64.Build.0 = Release|x64
		{00684EB5-569B-44B6-B48D-D09E0E36B986}.Debug|Win32.ActiveCfg = Debug|Win32
		{00684EB5-569B-44B6-B48D-D09E0E36B986}.Debug|Win32.Build.0 = Debug|Win32
		{00684EB5-569B-44B6-B48D-D09E0E36B986}.Debug|x64.ActiveCfg = Debug|x64
		{00684EB5-569B-44B6-B48D-D09E0E36B986}.Debug|x64.Build.0 = Debug|x64
		{00684EB5-569B-44B6-B48D-D09E0E36B986}.Feedback Mode|Win32.ActiveCfg = Release|Win32
		{00684EB5-569B-44B6-B48D-D09E0E36B986}.Feedback Mode|Win32.Build.0 = Release|Win32
		{00684EB5-569B-44B6-B48D-D09E0E36B986}.Feedback Mode|x64.ActiveCfg = Release|x64
		{00684EB5-569B-44B6-B48D-D09E0E36B986}.Feedback Mode|x64.Build.0 = Release|x64
		{00684EB5-569B-44B6-B48D-D09E0E36B986}.Release|Win32.ActiveCfg = Release|Win32
		{00684EB5-569B-44B6-B48D-D09E0E36B986}.Release|Win32.Build.0 = Release|Win32
		{00684EB5-569B-44B6-B48D-D09E0E36B986}.Release|x64.ActiveCfg = Release|x64
		{00684EB5-569B-44B6-B48D-D09E0E36B986}.Release|x64.Build.0 = Release|x64
	EndGlobalSection
	GlobalSection(SolutionProperties) = preSolution
		HideSolutionNode = FALSE
	EndGlobalSection
	GlobalSection(ExtensibilityGlobals) = postSolution
		SolutionGuid = {5B440D76-8B0F-46BE-A67D-9F8A4AF96234}
	EndGlobalSection
EndGlobal
